// !$*UTF8*$!
{
	archiveVersion = 1;
	classes = {
	};
	objectVersion = 51;
	objects = {

/* Begin PBXBuildFile section */
		4C4812E8673597AFBF88C39B /* Pods_LED.framework in Frameworks */ = {isa = PBXBuildFile; fileRef = 352A01688C3AA57B35506A3A /* Pods_LED.framework */; };
		8670E6E225DCB7A7007575FF /* AppDelegate.swift in Sources */ = {isa = PBXBuildFile; fileRef = 8670E6E125DCB7A7007575FF /* AppDelegate.swift */; };
		8670E6E425DCB7A7007575FF /* SceneDelegate.swift in Sources */ = {isa = PBXBuildFile; fileRef = 8670E6E325DCB7A7007575FF /* SceneDelegate.swift */; };
		8670E6E625DCB7A7007575FF /* ViewController.swift in Sources */ = {isa = PBXBuildFile; fileRef = 8670E6E525DCB7A7007575FF /* ViewController.swift */; };
		8670E6E925DCB7A7007575FF /* Main.storyboard in Resources */ = {isa = PBXBuildFile; fileRef = 8670E6E725DCB7A7007575FF /* Main.storyboard */; };
		8670E6EB25DCB7A8007575FF /* Assets.xcassets in Resources */ = {isa = PBXBuildFile; fileRef = 8670E6EA25DCB7A8007575FF /* Assets.xcassets */; };
		8670E6EE25DCB7A8007575FF /* LaunchScreen.storyboard in Resources */ = {isa = PBXBuildFile; fileRef = 8670E6EC25DCB7A8007575FF /* LaunchScreen.storyboard */; };
/* End PBXBuildFile section */

/* Begin PBXFileReference section */
		352A01688C3AA57B35506A3A /* Pods_LED.framework */ = {isa = PBXFileReference; explicitFileType = wrapper.framework; includeInIndex = 0; path = Pods_LED.framework; sourceTree = BUILT_PRODUCTS_DIR; };
		8670E6DE25DCB7A7007575FF /* LED.app */ = {isa = PBXFileReference; explicitFileType = wrapper.application; includeInIndex = 0; path = LED.app; sourceTree = BUILT_PRODUCTS_DIR; };
		8670E6E125DCB7A7007575FF /* AppDelegate.swift */ = {isa = PBXFileReference; lastKnownFileType = sourcecode.swift; path = AppDelegate.swift; sourceTree = "<group>"; };
		8670E6E325DCB7A7007575FF /* SceneDelegate.swift */ = {isa = PBXFileReference; lastKnownFileType = sourcecode.swift; path = SceneDelegate.swift; sourceTree = "<group>"; };
		8670E6E525DCB7A7007575FF /* ViewController.swift */ = {isa = PBXFileReference; lastKnownFileType = sourcecode.swift; path = ViewController.swift; sourceTree = "<group>"; };
		8670E6E825DCB7A7007575FF /* Base */ = {isa = PBXFileReference; lastKnownFileType = file.storyboard; name = Base; path = Base.lproj/Main.storyboard; sourceTree = "<group>"; };
		8670E6EA25DCB7A8007575FF /* Assets.xcassets */ = {isa = PBXFileReference; lastKnownFileType = folder.assetcatalog; path = Assets.xcassets; sourceTree = "<group>"; };
		8670E6ED25DCB7A8007575FF /* Base */ = {isa = PBXFileReference; lastKnownFileType = file.storyboard; name = Base; path = Base.lproj/LaunchScreen.storyboard; sourceTree = "<group>"; };
		8670E6EF25DCB7A8007575FF /* Info.plist */ = {isa = PBXFileReference; lastKnownFileType = text.plist.xml; path = Info.plist; sourceTree = "<group>"; };
		9A028917A1E17CFF3181E7DA /* Pods-LED.release.xcconfig */ = {isa = PBXFileReference; includeInIndex = 1; lastKnownFileType = text.xcconfig; name = "Pods-LED.release.xcconfig"; path = "Target Support Files/Pods-LED/Pods-LED.release.xcconfig"; sourceTree = "<group>"; };
		BEF8D1F5A34DB3DDC25448E2 /* Pods-LED.debug.xcconfig */ = {isa = PBXFileReference; includeInIndex = 1; lastKnownFileType = text.xcconfig; name = "Pods-LED.debug.xcconfig"; path = "Target Support Files/Pods-LED/Pods-LED.debug.xcconfig"; sourceTree = "<group>"; };
/* End PBXFileReference section */

/* Begin PBXFrameworksBuildPhase section */
		8670E6DB25DCB7A7007575FF /* Frameworks */ = {
			isa = PBXFrameworksBuildPhase;
			buildActionMask = 2147483647;
			files = (
				4C4812E8673597AFBF88C39B /* Pods_LED.framework in Frameworks */,
			);
			runOnlyForDeploymentPostprocessing = 0;
		};
/* End PBXFrameworksBuildPhase section */

/* Begin PBXGroup section */
		8670E6D525DCB7A7007575FF = {
			isa = PBXGroup;
			children = (
				8670E6E025DCB7A7007575FF /* LED */,
				8670E6DF25DCB7A7007575FF /* Products */,
				969A5DC264439C336DAA7DFD /* Pods */,
				89A6E40CC3968451AAE161D8 /* Frameworks */,
			);
			sourceTree = "<group>";
		};
		8670E6DF25DCB7A7007575FF /* Products */ = {
			isa = PBXGroup;
			children = (
				8670E6DE25DCB7A7007575FF /* LED.app */,
			);
			name = Products;
			sourceTree = "<group>";
		};
		8670E6E025DCB7A7007575FF /* LED */ = {
			isa = PBXGroup;
			children = (
				8670E6F525DCEEEB007575FF /* Delegate */,
				8670E6E525DCB7A7007575FF /* ViewController.swift */,
				8670E6E725DCB7A7007575FF /* Main.storyboard */,
				8670E6EA25DCB7A8007575FF /* Assets.xcassets */,
				8670E6EC25DCB7A8007575FF /* LaunchScreen.storyboard */,
				8670E6EF25DCB7A8007575FF /* Info.plist */,
			);
			path = LED;
			sourceTree = "<group>";
		};
		8670E6F525DCEEEB007575FF /* Delegate */ = {
			isa = PBXGroup;
			children = (
				8670E6E325DCB7A7007575FF /* SceneDelegate.swift */,
				8670E6E125DCB7A7007575FF /* AppDelegate.swift */,
			);
			path = Delegate;
			sourceTree = "<group>";
		};
		89A6E40CC3968451AAE161D8 /* Frameworks */ = {
			isa = PBXGroup;
			children = (
				352A01688C3AA57B35506A3A /* Pods_LED.framework */,
			);
			name = Frameworks;
			sourceTree = "<group>";
		};
		969A5DC264439C336DAA7DFD /* Pods */ = {
			isa = PBXGroup;
			children = (
				BEF8D1F5A34DB3DDC25448E2 /* Pods-LED.debug.xcconfig */,
				9A028917A1E17CFF3181E7DA /* Pods-LED.release.xcconfig */,
			);
			path = Pods;
			sourceTree = "<group>";
		};
/* End PBXGroup section */

/* Begin PBXNativeTarget section */
		8670E6DD25DCB7A7007575FF /* LED */ = {
			isa = PBXNativeTarget;
			buildConfigurationList = 8670E6F225DCB7A8007575FF /* Build configuration list for PBXNativeTarget "LED" */;
			buildPhases = (
				4672A8363B867192A04D0DE8 /* [CP] Check Pods Manifest.lock */,
				8670E6DA25DCB7A7007575FF /* Sources */,
				8670E6DB25DCB7A7007575FF /* Frameworks */,
				8670E6DC25DCB7A7007575FF /* Resources */,
				69258D6884F69C38D43F9894 /* [CP] Embed Pods Frameworks */,
			);
			buildRules = (
			);
			dependencies = (
			);
			name = LED;
			productName = LED;
			productReference = 8670E6DE25DCB7A7007575FF /* LED.app */;
			productType = "com.apple.product-type.application";
		};
/* End PBXNativeTarget section */

/* Begin PBXProject section */
		8670E6D625DCB7A7007575FF /* Project object */ = {
			isa = PBXProject;
			attributes = {
				LastSwiftUpdateCheck = 1150;
				LastUpgradeCheck = 1150;
				ORGANIZATIONNAME = gomax;
				TargetAttributes = {
					8670E6DD25DCB7A7007575FF = {
						CreatedOnToolsVersion = 11.5;
					};
				};
			};
			buildConfigurationList = 8670E6D925DCB7A7007575FF /* Build configuration list for PBXProject "LED" */;
			compatibilityVersion = "Xcode 9.3";
			developmentRegion = en;
			hasScannedForEncodings = 0;
			knownRegions = (
				en,
				Base,
			);
			mainGroup = 8670E6D525DCB7A7007575FF;
			productRefGroup = 8670E6DF25DCB7A7007575FF /* Products */;
			projectDirPath = "";
			projectRoot = "";
			targets = (
				8670E6DD25DCB7A7007575FF /* LED */,
			);
		};
/* End PBXProject section */

/* Begin PBXResourcesBuildPhase section */
		8670E6DC25DCB7A7007575FF /* Resources */ = {
			isa = PBXResourcesBuildPhase;
			buildActionMask = 2147483647;
			files = (
				8670E6EE25DCB7A8007575FF /* LaunchScreen.storyboard in Resources */,
				8670E6EB25DCB7A8007575FF /* Assets.xcassets in Resources */,
				8670E6E925DCB7A7007575FF /* Main.storyboard in Resources */,
			);
			runOnlyForDeploymentPostprocessing = 0;
		};
/* End PBXResourcesBuildPhase section */

/* Begin PBXShellScriptBuildPhase section */
		4672A8363B867192A04D0DE8 /* [CP] Check Pods Manifest.lock */ = {
			isa = PBXShellScriptBuildPhase;
			buildActionMask = 2147483647;
			files = (
			);
			inputFileListPaths = (
			);
			inputPaths = (
				"${PODS_PODFILE_DIR_PATH}/Podfile.lock",
				"${PODS_ROOT}/Manifest.lock",
			);
			name = "[CP] Check Pods Manifest.lock";
			outputFileListPaths = (
			);
			outputPaths = (
				"$(DERIVED_FILE_DIR)/Pods-LED-checkManifestLockResult.txt",
			);
			runOnlyForDeploymentPostprocessing = 0;
			shellPath = /bin/sh;
			shellScript = "diff \"${PODS_PODFILE_DIR_PATH}/Podfile.lock\" \"${PODS_ROOT}/Manifest.lock\" > /dev/null\nif [ $? != 0 ] ; then\n    # print error to STDERR\n    echo \"error: The sandbox is not in sync with the Podfile.lock. Run 'pod install' or update your CocoaPods installation.\" >&2\n    exit 1\nfi\n# This output is used by Xcode 'outputs' to avoid re-running this script phase.\necho \"SUCCESS\" > \"${SCRIPT_OUTPUT_FILE_0}\"\n";
			showEnvVarsInLog = 0;
		};
		69258D6884F69C38D43F9894 /* [CP] Embed Pods Frameworks */ = {
			isa = PBXShellScriptBuildPhase;
			buildActionMask = 2147483647;
			files = (
			);
			inputFileListPaths = (
				"${PODS_ROOT}/Target Support Files/Pods-LED/Pods-LED-frameworks-${CONFIGURATION}-input-files.xcfilelist",
			);
			name = "[CP] Embed Pods Frameworks";
			outputFileListPaths = (
				"${PODS_ROOT}/Target Support Files/Pods-LED/Pods-LED-frameworks-${CONFIGURATION}-output-files.xcfilelist",
			);
			runOnlyForDeploymentPostprocessing = 0;
			shellPath = /bin/sh;
			shellScript = "\"${PODS_ROOT}/Target Support Files/Pods-LED/Pods-LED-frameworks.sh\"\n";
			showEnvVarsInLog = 0;
		};
/* End PBXShellScriptBuildPhase section */

/* Begin PBXSourcesBuildPhase section */
		8670E6DA25DCB7A7007575FF /* Sources */ = {
			isa = PBXSourcesBuildPhase;
			buildActionMask = 2147483647;
			files = (
				8670E6E625DCB7A7007575FF /* ViewController.swift in Sources */,
				8670E6E225DCB7A7007575FF /* AppDelegate.swift in Sources */,
				8670E6E425DCB7A7007575FF /* SceneDelegate.swift in Sources */,
			);
			runOnlyForDeploymentPostprocessing = 0;
		};
/* End PBXSourcesBuildPhase section */

/* Begin PBXVariantGroup section */
		8670E6E725DCB7A7007575FF /* Main.storyboard */ = {
			isa = PBXVariantGroup;
			children = (
				8670E6E825DCB7A7007575FF /* Base */,
			);
			name = Main.storyboard;
			sourceTree = "<group>";
		};
		8670E6EC25DCB7A8007575FF /* LaunchScreen.storyboard */ = {
			isa = PBXVariantGroup;
			children = (
				8670E6ED25DCB7A8007575FF /* Base */,
			);
			name = LaunchScreen.storyboard;
			sourceTree = "<group>";
		};
/* End PBXVariantGroup section */

/* Begin XCBuildConfiguration section */
		8670E6F025DCB7A8007575FF /* Debug */ = {
			isa = XCBuildConfiguration;
			buildSettings = {
				ALWAYS_SEARCH_USER_PATHS = NO;
				CLANG_ANALYZER_NONNULL = YES;
				CLANG_ANALYZER_NUMBER_OBJECT_CONVERSION = YES_AGGRESSIVE;
				CLANG_CXX_LANGUAGE_STANDARD = "gnu++14";
				CLANG_CXX_LIBRARY = "libc++";
				CLANG_ENABLE_MODULES = YES;
				CLANG_ENABLE_OBJC_ARC = YES;
				CLANG_ENABLE_OBJC_WEAK = YES;
				CLANG_WARN_BLOCK_CAPTURE_AUTORELEASING = YES;
				CLANG_WARN_BOOL_CONVERSION = YES;
				CLANG_WARN_COMMA = YES;
				CLANG_WARN_CONSTANT_CONVERSION = YES;
				CLANG_WARN_DEPRECATED_OBJC_IMPLEMENTATIONS = YES;
				CLANG_WARN_DIRECT_OBJC_ISA_USAGE = YES_ERROR;
				CLANG_WARN_DOCUMENTATION_COMMENTS = YES;
				CLANG_WARN_EMPTY_BODY = YES;
				CLANG_WARN_ENUM_CONVERSION = YES;
				CLANG_WARN_INFINITE_RECURSION = YES;
				CLANG_WARN_INT_CONVERSION = YES;
				CLANG_WARN_NON_LITERAL_NULL_CONVERSION = YES;
				CLANG_WARN_OBJC_IMPLICIT_RETAIN_SELF = YES;
				CLANG_WARN_OBJC_LITERAL_CONVERSION = YES;
				CLANG_WARN_OBJC_ROOT_CLASS = YES_ERROR;
				CLANG_WARN_RANGE_LOOP_ANALYSIS = YES;
				CLANG_WARN_STRICT_PROTOTYPES = YES;
				CLANG_WARN_SUSPICIOUS_MOVE = YES;
				CLANG_WARN_UNGUARDED_AVAILABILITY = YES_AGGRESSIVE;
				CLANG_WARN_UNREACHABLE_CODE = YES;
				CLANG_WARN__DUPLICATE_METHOD_MATCH = YES;
				COPY_PHASE_STRIP = NO;
				DEBUG_INFORMATION_FORMAT = dwarf;
				ENABLE_STRICT_OBJC_MSGSEND = YES;
				ENABLE_TESTABILITY = YES;
				GCC_C_LANGUAGE_STANDARD = gnu11;
				GCC_DYNAMIC_NO_PIC = NO;
				GCC_NO_COMMON_BLOCKS = YES;
				GCC_OPTIMIZATION_LEVEL = 0;
				GCC_PREPROCESSOR_DEFINITIONS = (
					"DEBUG=1",
					"$(inherited)",
				);
				GCC_WARN_64_TO_32_BIT_CONVERSION = YES;
				GCC_WARN_ABOUT_RETURN_TYPE = YES_ERROR;
				GCC_WARN_UNDECLARED_SELECTOR = YES;
				GCC_WARN_UNINITIALIZED_AUTOS = YES_AGGRESSIVE;
				GCC_WARN_UNUSED_FUNCTION = YES;
				GCC_WARN_UNUSED_VARIABLE = YES;
				IPHONEOS_DEPLOYMENT_TARGET = 13.5;
				MTL_ENABLE_DEBUG_INFO = INCLUDE_SOURCE;
				MTL_FAST_MATH = YES;
				ONLY_ACTIVE_ARCH = YES;
				SDKROOT = iphoneos;
				SWIFT_ACTIVE_COMPILATION_CONDITIONS = DEBUG;
				SWIFT_OPTIMIZATION_LEVEL = "-Onone";
			};
			name = Debug;
		};
		8670E6F125DCB7A8007575FF /* Release */ = {
			isa = XCBuildConfiguration;
			buildSettings = {
				ALWAYS_SEARCH_USER_PATHS = NO;
				CLANG_ANALYZER_NONNULL = YES;
				CLANG_ANALYZER_NUMBER_OBJECT_CONVERSION = YES_AGGRESSIVE;
				CLANG_CXX_LANGUAGE_STANDARD = "gnu++14";
				CLANG_CXX_LIBRARY = "libc++";
				CLANG_ENABLE_MODULES = YES;
				CLANG_ENABLE_OBJC_ARC = YES;
				CLANG_ENABLE_OBJC_WEAK = YES;
				CLANG_WARN_BLOCK_CAPTURE_AUTORELEASING = YES;
				CLANG_WARN_BOOL_CONVERSION = YES;
				CLANG_WARN_COMMA = YES;
				CLANG_WARN_CONSTANT_CONVERSION = YES;
				CLANG_WARN_DEPRECATED_OBJC_IMPLEMENTATIONS = YES;
				CLANG_WARN_DIRECT_OBJC_ISA_USAGE = YES_ERROR;
				CLANG_WARN_DOCUMENTATION_COMMENTS = YES;
				CLANG_WARN_EMPTY_BODY = YES;
				CLANG_WARN_ENUM_CONVERSION = YES;
				CLANG_WARN_INFINITE_RECURSION = YES;
				CLANG_WARN_INT_CONVERSION = YES;
				CLANG_WARN_NON_LITERAL_NULL_CONVERSION = YES;
				CLANG_WARN_OBJC_IMPLICIT_RETAIN_SELF = YES;
				CLANG_WARN_OBJC_LITERAL_CONVERSION = YES;
				CLANG_WARN_OBJC_ROOT_CLASS = YES_ERROR;
				CLANG_WARN_RANGE_LOOP_ANALYSIS = YES;
				CLANG_WARN_STRICT_PROTOTYPES = YES;
				CLANG_WARN_SUSPICIOUS_MOVE = YES;
				CLANG_WARN_UNGUARDED_AVAILABILITY = YES_AGGRESSIVE;
				CLANG_WARN_UNREACHABLE_CODE = YES;
				CLANG_WARN__DUPLICATE_METHOD_MATCH = YES;
				COPY_PHASE_STRIP = NO;
				DEBUG_INFORMATION_FORMAT = "dwarf-with-dsym";
				ENABLE_NS_ASSERTIONS = NO;
				ENABLE_STRICT_OBJC_MSGSEND = YES;
				GCC_C_LANGUAGE_STANDARD = gnu11;
				GCC_NO_COMMON_BLOCKS = YES;
				GCC_WARN_64_TO_32_BIT_CONVERSION = YES;
				GCC_WARN_ABOUT_RETURN_TYPE = YES_ERROR;
				GCC_WARN_UNDECLARED_SELECTOR = YES;
				GCC_WARN_UNINITIALIZED_AUTOS = YES_AGGRESSIVE;
				GCC_WARN_UNUSED_FUNCTION = YES;
				GCC_WARN_UNUSED_VARIABLE = YES;
				IPHONEOS_DEPLOYMENT_TARGET = 13.5;
				MTL_ENABLE_DEBUG_INFO = NO;
				MTL_FAST_MATH = YES;
				SDKROOT = iphoneos;
				SWIFT_COMPILATION_MODE = wholemodule;
				SWIFT_OPTIMIZATION_LEVEL = "-O";
				VALIDATE_PRODUCT = YES;
			};
			name = Release;
		};
		8670E6F325DCB7A8007575FF /* Debug */ = {
			isa = XCBuildConfiguration;
			baseConfigurationReference = BEF8D1F5A34DB3DDC25448E2 /* Pods-LED.debug.xcconfig */;
			buildSettings = {
				ASSETCATALOG_COMPILER_APPICON_NAME = AppIcon;
				CODE_SIGN_STYLE = Automatic;
				DEVELOPMENT_TEAM = L57H6UW7SM;
				INFOPLIST_FILE = LED/Info.plist;
				LD_RUNPATH_SEARCH_PATHS = (
					"$(inherited)",
					"@executable_path/Frameworks",
				);
				PRODUCT_BUNDLE_IDENTIFIER = com.gomax.led.LED;
				PRODUCT_NAME = "$(TARGET_NAME)";
				SWIFT_VERSION = 5.0;
				TARGETED_DEVICE_FAMILY = "1,2";
			};
			name = Debug;
		};
		8670E6F425DCB7A8007575FF /* Release */ = {
			isa = XCBuildConfiguration;
			baseConfigurationReference = 9A028917A1E17CFF3181E7DA /* Pods-LED.release.xcconfig */;
			buildSettings = {
				ASSETCATALOG_COMPILER_APPICON_NAME = AppIcon;
				CODE_SIGN_STYLE = Automatic;
				DEVELOPMENT_TEAM = L57H6UW7SM;
				INFOPLIST_FILE = LED/Info.plist;
				LD_RUNPATH_SEARCH_PATHS = (
					"$(inherited)",
					"@executable_path/Frameworks",
				);
				PRODUCT_BUNDLE_IDENTIFIER = com.gomax.led.LED;
				PRODUCT_NAME = "$(TARGET_NAME)";
				SWIFT_VERSION = 5.0;
				TARGETED_DEVICE_FAMILY = "1,2";
			};
			name = Release;
		};
/* End XCBuildConfiguration section */

/* Begin XCConfigurationList section */
		8670E6D925DCB7A7007575FF /* Build configuration list for PBXProject "LED" */ = {
			isa = XCConfigurationList;
			buildConfigurations = (
				8670E6F025DCB7A8007575FF /* Debug */,
				8670E6F125DCB7A8007575FF /* Release */,
			);
			defaultConfigurationIsVisible = 0;
			defaultConfigurationName = Release;
		};
		8670E6F225DCB7A8007575FF /* Build configuration list for PBXNativeTarget "LED" */ = {
			isa = XCConfigurationList;
			buildConfigurations = (
				8670E6F325DCB7A8007575FF /* Debug */,
				8670E6F425DCB7A8007575FF /* Release */,
			);
			defaultConfigurationIsVisible = 0;
			defaultConfigurationName = Release;
		};
/* End XCConfigurationList section */
	};
	rootObject = 8670E6D625DCB7A7007575FF /* Project object */;
}
